// !$*UTF8*$!
{
	archiveVersion = 1;
	classes = {
	};
	objectVersion = 56;
	objects = {

/* Begin PBXBuildFile section */
		FEFAFCB52C5AB84B0086B804 /* AppDelegate.swift in Sources */ = {isa = PBXBuildFile; fileRef = FEFAFCB42C5AB84B0086B804 /* AppDelegate.swift */; };
		FEFAFCB72C5AB84B0086B804 /* SceneDelegate.swift in Sources */ = {isa = PBXBuildFile; fileRef = FEFAFCB62C5AB84B0086B804 /* SceneDelegate.swift */; };
		FEFAFCB92C5AB84B0086B804 /* ViewController.swift in Sources */ = {isa = PBXBuildFile; fileRef = FEFAFCB82C5AB84B0086B804 /* ViewController.swift */; };
		FEFAFCBC2C5AB84B0086B804 /* Main.storyboard in Resources */ = {isa = PBXBuildFile; fileRef = FEFAFCBA2C5AB84B0086B804 /* Main.storyboard */; };
		FEFAFCC12C5AB84D0086B804 /* LaunchScreen.storyboard in Resources */ = {isa = PBXBuildFile; fileRef = FEFAFCBF2C5AB84D0086B804 /* LaunchScreen.storyboard */; };
		FEFAFCCA2C5AF0A80086B804 /* BackroundCollectionViewCell.swift in Sources */ = {isa = PBXBuildFile; fileRef = FEFAFCC82C5AF0A80086B804 /* BackroundCollectionViewCell.swift */; };
		FEFAFCCB2C5AF0A80086B804 /* BackroundCollectionViewCell.xib in Resources */ = {isa = PBXBuildFile; fileRef = FEFAFCC92C5AF0A80086B804 /* BackroundCollectionViewCell.xib */; };
		FEFAFCCD2C5BBE5A0086B804 /* Bangers-Regular.ttf in Resources */ = {isa = PBXBuildFile; fileRef = FEFAFCCC2C5BBE5A0086B804 /* Bangers-Regular.ttf */; };
		FEFAFCD02C5BCCF30086B804 /* Assets.xcassets in Resources */ = {isa = PBXBuildFile; fileRef = FEFAFCCF2C5BCCF30086B804 /* Assets.xcassets */; };
		FEFAFCD42C5BCFE20086B804 /* ViewExtension.swift in Sources */ = {isa = PBXBuildFile; fileRef = FEFAFCD32C5BCFE20086B804 /* ViewExtension.swift */; };
		FEFAFCE12C5CDDB60086B804 /* HomeViewController.swift in Sources */ = {isa = PBXBuildFile; fileRef = FEFAFCE02C5CDDB60086B804 /* HomeViewController.swift */; };
/* End PBXBuildFile section */

/* Begin PBXFileReference section */
		FEFAFCB12C5AB84B0086B804 /* AutoLayout.app */ = {isa = PBXFileReference; explicitFileType = wrapper.application; includeInIndex = 0; path = AutoLayout.app; sourceTree = BUILT_PRODUCTS_DIR; };
		FEFAFCB42C5AB84B0086B804 /* AppDelegate.swift */ = {isa = PBXFileReference; lastKnownFileType = sourcecode.swift; path = AppDelegate.swift; sourceTree = "<group>"; };
		FEFAFCB62C5AB84B0086B804 /* SceneDelegate.swift */ = {isa = PBXFileReference; lastKnownFileType = sourcecode.swift; path = SceneDelegate.swift; sourceTree = "<group>"; };
		FEFAFCB82C5AB84B0086B804 /* ViewController.swift */ = {isa = PBXFileReference; lastKnownFileType = sourcecode.swift; path = ViewController.swift; sourceTree = "<group>"; };
		FEFAFCBB2C5AB84B0086B804 /* Base */ = {isa = PBXFileReference; lastKnownFileType = file.storyboard; name = Base; path = Base.lproj/Main.storyboard; sourceTree = "<group>"; };
		FEFAFCC02C5AB84D0086B804 /* Base */ = {isa = PBXFileReference; lastKnownFileType = file.storyboard; name = Base; path = Base.lproj/LaunchScreen.storyboard; sourceTree = "<group>"; };
		FEFAFCC22C5AB84D0086B804 /* Info.plist */ = {isa = PBXFileReference; lastKnownFileType = text.plist.xml; path = Info.plist; sourceTree = "<group>"; };
		FEFAFCC82C5AF0A80086B804 /* BackroundCollectionViewCell.swift */ = {isa = PBXFileReference; lastKnownFileType = sourcecode.swift; path = BackroundCollectionViewCell.swift; sourceTree = "<group>"; };
		FEFAFCC92C5AF0A80086B804 /* BackroundCollectionViewCell.xib */ = {isa = PBXFileReference; lastKnownFileType = file.xib; path = BackroundCollectionViewCell.xib; sourceTree = "<group>"; };
		FEFAFCCC2C5BBE5A0086B804 /* Bangers-Regular.ttf */ = {isa = PBXFileReference; lastKnownFileType = file; name = "Bangers-Regular.ttf"; path = "../../../../../Downloads/Bangers/Bangers-Regular.ttf"; sourceTree = "<group>"; };
		FEFAFCCF2C5BCCF30086B804 /* Assets.xcassets */ = {isa = PBXFileReference; lastKnownFileType = folder.assetcatalog; path = Assets.xcassets; sourceTree = "<group>"; };
		FEFAFCD32C5BCFE20086B804 /* ViewExtension.swift */ = {isa = PBXFileReference; lastKnownFileType = sourcecode.swift; path = ViewExtension.swift; sourceTree = "<group>"; };
		FEFAFCE02C5CDDB60086B804 /* HomeViewController.swift */ = {isa = PBXFileReference; lastKnownFileType = sourcecode.swift; path = HomeViewController.swift; sourceTree = "<group>"; };
/* End PBXFileReference section */

/* Begin PBXFrameworksBuildPhase section */
		FEFAFCAE2C5AB84B0086B804 /* Frameworks */ = {
			isa = PBXFrameworksBuildPhase;
			buildActionMask = 2147483647;
			files = (
			);
			runOnlyForDeploymentPostprocessing = 0;
		};
/* End PBXFrameworksBuildPhase section */

/* Begin PBXGroup section */
		FEFAFCA82C5AB84B0086B804 = {
			isa = PBXGroup;
			children = (
				FEFAFCCC2C5BBE5A0086B804 /* Bangers-Regular.ttf */,
				FEFAFCB32C5AB84B0086B804 /* AutoLayout */,
				FEFAFCB22C5AB84B0086B804 /* Products */,
			);
			sourceTree = "<group>";
		};
		FEFAFCB22C5AB84B0086B804 /* Products */ = {
			isa = PBXGroup;
			children = (
				FEFAFCB12C5AB84B0086B804 /* AutoLayout.app */,
			);
			name = Products;
			sourceTree = "<group>";
		};
		FEFAFCB32C5AB84B0086B804 /* AutoLayout */ = {
			isa = PBXGroup;
			children = (
				FEFAFCDF2C5CDD060086B804 /* Extension */,
				FEFAFCDE2C5CDCE30086B804 /* Custom Views */,
				FEFAFCD62C5BEB560086B804 /* App Scene Delegate */,
				FEFAFCDD2C5CDCAD0086B804 /* View */,
				FEFAFCD52C5BEB230086B804 /* Controller */,
				FEFAFCCF2C5BCCF30086B804 /* Assets.xcassets */,
				FEFAFCC22C5AB84D0086B804 /* Info.plist */,
			);
			path = AutoLayout;
			sourceTree = "<group>";
		};
		FEFAFCD52C5BEB230086B804 /* Controller */ = {
			isa = PBXGroup;
			children = (
				FEFAFCB82C5AB84B0086B804 /* ViewController.swift */,
				FEFAFCE02C5CDDB60086B804 /* HomeViewController.swift */,
			);
			path = Controller;
			sourceTree = "<group>";
		};
		FEFAFCD62C5BEB560086B804 /* App Scene Delegate */ = {
			isa = PBXGroup;
			children = (
				FEFAFCB42C5AB84B0086B804 /* AppDelegate.swift */,
				FEFAFCB62C5AB84B0086B804 /* SceneDelegate.swift */,
			);
			path = "App Scene Delegate";
			sourceTree = "<group>";
		};
		FEFAFCDD2C5CDCAD0086B804 /* View */ = {
			isa = PBXGroup;
			children = (
				FEFAFCBA2C5AB84B0086B804 /* Main.storyboard */,
				FEFAFCBF2C5AB84D0086B804 /* LaunchScreen.storyboard */,
			);
			path = View;
			sourceTree = "<group>";
		};
		FEFAFCDE2C5CDCE30086B804 /* Custom Views */ = {
			isa = PBXGroup;
			children = (
				FEFAFCC82C5AF0A80086B804 /* BackroundCollectionViewCell.swift */,
				FEFAFCC92C5AF0A80086B804 /* BackroundCollectionViewCell.xib */,
			);
			path = "Custom Views";
			sourceTree = "<group>";
		};
		FEFAFCDF2C5CDD060086B804 /* Extension */ = {
			isa = PBXGroup;
			children = (
				FEFAFCD32C5BCFE20086B804 /* ViewExtension.swift */,
			);
			path = Extension;
			sourceTree = "<group>";
		};
/* End PBXGroup section */

/* Begin PBXNativeTarget section */
		FEFAFCB02C5AB84B0086B804 /* AutoLayout */ = {
			isa = PBXNativeTarget;
			buildConfigurationList = FEFAFCC52C5AB84D0086B804 /* Build configuration list for PBXNativeTarget "AutoLayout" */;
			buildPhases = (
				FEFAFCAD2C5AB84B0086B804 /* Sources */,
				FEFAFCAE2C5AB84B0086B804 /* Frameworks */,
				FEFAFCAF2C5AB84B0086B804 /* Resources */,
			);
			buildRules = (
			);
			dependencies = (
			);
			name = AutoLayout;
			productName = AutoLayout;
			productReference = FEFAFCB12C5AB84B0086B804 /* AutoLayout.app */;
			productType = "com.apple.product-type.application";
		};
/* End PBXNativeTarget section */

/* Begin PBXProject section */
		FEFAFCA92C5AB84B0086B804 /* Project object */ = {
			isa = PBXProject;
			attributes = {
				BuildIndependentTargetsInParallel = 1;
				LastSwiftUpdateCheck = 1420;
				LastUpgradeCheck = 1420;
				TargetAttributes = {
					FEFAFCB02C5AB84B0086B804 = {
						CreatedOnToolsVersion = 14.2;
					};
				};
			};
			buildConfigurationList = FEFAFCAC2C5AB84B0086B804 /* Build configuration list for PBXProject "AutoLayout" */;
			compatibilityVersion = "Xcode 14.0";
			developmentRegion = en;
			hasScannedForEncodings = 0;
			knownRegions = (
				en,
				Base,
			);
			mainGroup = FEFAFCA82C5AB84B0086B804;
			productRefGroup = FEFAFCB22C5AB84B0086B804 /* Products */;
			projectDirPath = "";
			projectRoot = "";
			targets = (
				FEFAFCB02C5AB84B0086B804 /* AutoLayout */,
			);
		};
/* End PBXProject section */

/* Begin PBXResourcesBuildPhase section */
		FEFAFCAF2C5AB84B0086B804 /* Resources */ = {
			isa = PBXResourcesBuildPhase;
			buildActionMask = 2147483647;
			files = (
				FEFAFCCB2C5AF0A80086B804 /* BackroundCollectionViewCell.xib in Resources */,
				FEFAFCC12C5AB84D0086B804 /* LaunchScreen.storyboard in Resources */,
				FEFAFCBC2C5AB84B0086B804 /* Main.storyboard in Resources */,
				FEFAFCCD2C5BBE5A0086B804 /* Bangers-Regular.ttf in Resources */,
				FEFAFCD02C5BCCF30086B804 /* Assets.xcassets in Resources */,
			);
			runOnlyForDeploymentPostprocessing = 0;
		};
/* End PBXResourcesBuildPhase section */

/* Begin PBXSourcesBuildPhase section */
		FEFAFCAD2C5AB84B0086B804 /* Sources */ = {
			isa = PBXSourcesBuildPhase;
			buildActionMask = 2147483647;
			files = (
				FEFAFCCA2C5AF0A80086B804 /* BackroundCollectionViewCell.swift in Sources */,
				FEFAFCB92C5AB84B0086B804 /* ViewController.swift in Sources */,
				FEFAFCB52C5AB84B0086B804 /* AppDelegate.swift in Sources */,
				FEFAFCB72C5AB84B0086B804 /* SceneDelegate.swift in Sources */,
				FEFAFCD42C5BCFE20086B804 /* ViewExtension.swift in Sources */,
				FEFAFCE12C5CDDB60086B804 /* HomeViewController.swift in Sources */,
			);
			runOnlyForDeploymentPostprocessing = 0;
		};
/* End PBXSourcesBuildPhase section */

/* Begin PBXVariantGroup section */
		FEFAFCBA2C5AB84B0086B804 /* Main.storyboard */ = {
			isa = PBXVariantGroup;
			children = (
				FEFAFCBB2C5AB84B0086B804 /* Base */,
			);
			name = Main.storyboard;
			sourceTree = "<group>";
		};
		FEFAFCBF2C5AB84D0086B804 /* LaunchScreen.storyboard */ = {
			isa = PBXVariantGroup;
			children = (
				FEFAFCC02C5AB84D0086B804 /* Base */,
			);
			name = LaunchScreen.storyboard;
			sourceTree = "<group>";
		};
/* End PBXVariantGroup section */

/* Begin XCBuildConfiguration section */
		FEFAFCC32C5AB84D0086B804 /* Debug */ = {
			isa = XCBuildConfiguration;
			buildSettings = {
				ALWAYS_SEARCH_USER_PATHS = NO;
				CLANG_ANALYZER_NONNULL = YES;
				CLANG_ANALYZER_NUMBER_OBJECT_CONVERSION = YES_AGGRESSIVE;
				CLANG_CXX_LANGUAGE_STANDARD = "gnu++20";
				CLANG_ENABLE_MODULES = YES;
				CLANG_ENABLE_OBJC_ARC = YES;
				CLANG_ENABLE_OBJC_WEAK = YES;
				CLANG_WARN_BLOCK_CAPTURE_AUTORELEASING = YES;
				CLANG_WARN_BOOL_CONVERSION = YES;
				CLANG_WARN_COMMA = YES;
				CLANG_WARN_CONSTANT_CONVERSION = YES;
				CLANG_WARN_DEPRECATED_OBJC_IMPLEMENTATIONS = YES;
				CLANG_WARN_DIRECT_OBJC_ISA_USAGE = YES_ERROR;
				CLANG_WARN_DOCUMENTATION_COMMENTS = YES;
				CLANG_WARN_EMPTY_BODY = YES;
				CLANG_WARN_ENUM_CONVERSION = YES;
				CLANG_WARN_INFINITE_RECURSION = YES;
				CLANG_WARN_INT_CONVERSION = YES;
				CLANG_WARN_NON_LITERAL_NULL_CONVERSION = YES;
				CLANG_WARN_OBJC_IMPLICIT_RETAIN_SELF = YES;
				CLANG_WARN_OBJC_LITERAL_CONVERSION = YES;
				CLANG_WARN_OBJC_ROOT_CLASS = YES_ERROR;
				CLANG_WARN_QUOTED_INCLUDE_IN_FRAMEWORK_HEADER = YES;
				CLANG_WARN_RANGE_LOOP_ANALYSIS = YES;
				CLANG_WARN_STRICT_PROTOTYPES = YES;
				CLANG_WARN_SUSPICIOUS_MOVE = YES;
				CLANG_WARN_UNGUARDED_AVAILABILITY = YES_AGGRESSIVE;
				CLANG_WARN_UNREACHABLE_CODE = YES;
				CLANG_WARN__DUPLICATE_METHOD_MATCH = YES;
				COPY_PHASE_STRIP = NO;
				DEBUG_INFORMATION_FORMAT = dwarf;
				ENABLE_STRICT_OBJC_MSGSEND = YES;
				ENABLE_TESTABILITY = YES;
				GCC_C_LANGUAGE_STANDARD = gnu11;
				GCC_DYNAMIC_NO_PIC = NO;
				GCC_NO_COMMON_BLOCKS = YES;
				GCC_OPTIMIZATION_LEVEL = 0;
				GCC_PREPROCESSOR_DEFINITIONS = (
					"DEBUG=1",
					"$(inherited)",
				);
				GCC_WARN_64_TO_32_BIT_CONVERSION = YES;
				GCC_WARN_ABOUT_RETURN_TYPE = YES_ERROR;
				GCC_WARN_UNDECLARED_SELECTOR = YES;
				GCC_WARN_UNINITIALIZED_AUTOS = YES_AGGRESSIVE;
				GCC_WARN_UNUSED_FUNCTION = YES;
				GCC_WARN_UNUSED_VARIABLE = YES;
				IPHONEOS_DEPLOYMENT_TARGET = 16.2;
				MTL_ENABLE_DEBUG_INFO = INCLUDE_SOURCE;
				MTL_FAST_MATH = YES;
				ONLY_ACTIVE_ARCH = YES;
				SDKROOT = iphoneos;
				SWIFT_ACTIVE_COMPILATION_CONDITIONS = DEBUG;
				SWIFT_OPTIMIZATION_LEVEL = "-Onone";
			};
			name = Debug;
		};
		FEFAFCC42C5AB84D0086B804 /* Release */ = {
			isa = XCBuildConfiguration;
			buildSettings = {
				ALWAYS_SEARCH_USER_PATHS = NO;
				CLANG_ANALYZER_NONNULL = YES;
				CLANG_ANALYZER_NUMBER_OBJECT_CONVERSION = YES_AGGRESSIVE;
				CLANG_CXX_LANGUAGE_STANDARD = "gnu++20";
				CLANG_ENABLE_MODULES = YES;
				CLANG_ENABLE_OBJC_ARC = YES;
				CLANG_ENABLE_OBJC_WEAK = YES;
				CLANG_WARN_BLOCK_CAPTURE_AUTORELEASING = YES;
				CLANG_WARN_BOOL_CONVERSION = YES;
				CLANG_WARN_COMMA = YES;
				CLANG_WARN_CONSTANT_CONVERSION = YES;
				CLANG_WARN_DEPRECATED_OBJC_IMPLEMENTATIONS = YES;
				CLANG_WARN_DIRECT_OBJC_ISA_USAGE = YES_ERROR;
				CLANG_WARN_DOCUMENTATION_COMMENTS = YES;
				CLANG_WARN_EMPTY_BODY = YES;
				CLANG_WARN_ENUM_CONVERSION = YES;
				CLANG_WARN_INFINITE_RECURSION = YES;
				CLANG_WARN_INT_CONVERSION = YES;
				CLANG_WARN_NON_LITERAL_NULL_CONVERSION = YES;
				CLANG_WARN_OBJC_IMPLICIT_RETAIN_SELF = YES;
				CLANG_WARN_OBJC_LITERAL_CONVERSION = YES;
				CLANG_WARN_OBJC_ROOT_CLASS = YES_ERROR;
				CLANG_WARN_QUOTED_INCLUDE_IN_FRAMEWORK_HEADER = YES;
				CLANG_WARN_RANGE_LOOP_ANALYSIS = YES;
				CLANG_WARN_STRICT_PROTOTYPES = YES;
				CLANG_WARN_SUSPICIOUS_MOVE = YES;
				CLANG_WARN_UNGUARDED_AVAILABILITY = YES_AGGRESSIVE;
				CLANG_WARN_UNREACHABLE_CODE = YES;
				CLANG_WARN__DUPLICATE_METHOD_MATCH = YES;
				COPY_PHASE_STRIP = NO;
				DEBUG_INFORMATION_FORMAT = "dwarf-with-dsym";
				ENABLE_NS_ASSERTIONS = NO;
				ENABLE_STRICT_OBJC_MSGSEND = YES;
				GCC_C_LANGUAGE_STANDARD = gnu11;
				GCC_NO_COMMON_BLOCKS = YES;
				GCC_WARN_64_TO_32_BIT_CONVERSION = YES;
				GCC_WARN_ABOUT_RETURN_TYPE = YES_ERROR;
				GCC_WARN_UNDECLARED_SELECTOR = YES;
				GCC_WARN_UNINITIALIZED_AUTOS = YES_AGGRESSIVE;
				GCC_WARN_UNUSED_FUNCTION = YES;
				GCC_WARN_UNUSED_VARIABLE = YES;
				IPHONEOS_DEPLOYMENT_TARGET = 16.2;
				MTL_ENABLE_DEBUG_INFO = NO;
				MTL_FAST_MATH = YES;
				SDKROOT = iphoneos;
				SWIFT_COMPILATION_MODE = wholemodule;
				SWIFT_OPTIMIZATION_LEVEL = "-O";
				VALIDATE_PRODUCT = YES;
			};
			name = Release;
		};
		FEFAFCC62C5AB84D0086B804 /* Debug */ = {
			isa = XCBuildConfiguration;
			buildSettings = {
				ASSETCATALOG_COMPILER_APPICON_NAME = AppIcon;
				ASSETCATALOG_COMPILER_GLOBAL_ACCENT_COLOR_NAME = AccentColor;
				CODE_SIGN_STYLE = Automatic;
				CURRENT_PROJECT_VERSION = 1;
				GENERATE_INFOPLIST_FILE = YES;
				INFOPLIST_FILE = AutoLayout/Info.plist;
				INFOPLIST_KEY_UIApplicationSupportsIndirectInputEvents = YES;
				INFOPLIST_KEY_UILaunchStoryboardName = LaunchScreen;
				INFOPLIST_KEY_UIMainStoryboardFile = Main;
				INFOPLIST_KEY_UISupportedInterfaceOrientations_iPad = "UIInterfaceOrientationPortrait UIInterfaceOrientationPortraitUpsideDown UIInterfaceOrientationLandscapeLeft UIInterfaceOrientationLandscapeRight";
				INFOPLIST_KEY_UISupportedInterfaceOrientations_iPhone = "UIInterfaceOrientationPortrait UIInterfaceOrientationLandscapeLeft UIInterfaceOrientationLandscapeRight";
				LD_RUNPATH_SEARCH_PATHS = (
					"$(inherited)",
					"@executable_path/Frameworks",
				);
				MARKETING_VERSION = 1.0;
				PRODUCT_BUNDLE_IDENTIFIER = swiftbeggin.com.AutoLayout;
				PRODUCT_NAME = "$(TARGET_NAME)";
				SWIFT_EMIT_LOC_STRINGS = YES;
				SWIFT_VERSION = 5.0;
				TARGETED_DEVICE_FAMILY = "1,2";
			};
			name = Debug;
		};
		FEFAFCC72C5AB84D0086B804 /* Release */ = {
			isa = XCBuildConfiguration;
			buildSettings = {
				ASSETCATALOG_COMPILER_APPICON_NAME = AppIcon;
				ASSETCATALOG_COMPILER_GLOBAL_ACCENT_COLOR_NAME = AccentColor;
				CODE_SIGN_STYLE = Automatic;
				CURRENT_PROJECT_VERSION = 1;
				GENERATE_INFOPLIST_FILE = YES;
				INFOPLIST_FILE = AutoLayout/Info.plist;
				INFOPLIST_KEY_UIApplicationSupportsIndirectInputEvents = YES;
				INFOPLIST_KEY_UILaunchStoryboardName = LaunchScreen;
				INFOPLIST_KEY_UIMainStoryboardFile = Main;
				INFOPLIST_KEY_UISupportedInterfaceOrientations_iPad = "UIInterfaceOrientationPortrait UIInterfaceOrientationPortraitUpsideDown UIInterfaceOrientationLandscapeLeft UIInterfaceOrientationLandscapeRight";
				INFOPLIST_KEY_UISupportedInterfaceOrientations_iPhone = "UIInterfaceOrientationPortrait UIInterfaceOrientationLandscapeLeft UIInterfaceOrientationLandscapeRight";
				LD_RUNPATH_SEARCH_PATHS = (
					"$(inherited)",
					"@executable_path/Frameworks",
				);
				MARKETING_VERSION = 1.0;
				PRODUCT_BUNDLE_IDENTIFIER = swiftbeggin.com.AutoLayout;
				PRODUCT_NAME = "$(TARGET_NAME)";
				SWIFT_EMIT_LOC_STRINGS = YES;
				SWIFT_VERSION = 5.0;
				TARGETED_DEVICE_FAMILY = "1,2";
			};
			name = Release;
		};
/* End XCBuildConfiguration section */

/* Begin XCConfigurationList section */
		FEFAFCAC2C5AB84B0086B804 /* Build configuration list for PBXProject "AutoLayout" */ = {
			isa = XCConfigurationList;
			buildConfigurations = (
				FEFAFCC32C5AB84D0086B804 /* Debug */,
				FEFAFCC42C5AB84D0086B804 /* Release */,
			);
			defaultConfigurationIsVisible = 0;
			defaultConfigurationName = Release;
		};
		FEFAFCC52C5AB84D0086B804 /* Build configuration list for PBXNativeTarget "AutoLayout" */ = {
			isa = XCConfigurationList;
			buildConfigurations = (
				FEFAFCC62C5AB84D0086B804 /* Debug */,
				FEFAFCC72C5AB84D0086B804 /* Release */,
			);
			defaultConfigurationIsVisible = 0;
			defaultConfigurationName = Release;
		};
/* End XCConfigurationList section */
	};
	rootObject = FEFAFCA92C5AB84B0086B804 /* Project object */;
}
